
Microsoft Visual Studio Solution File, Format Version 12.00
# Visual Studio Version 17
VisualStudioVersion = 17.9.34728.123
MinimumVisualStudioVersion = 10.0.40219.1
Project("{FAE04EC0-301F-11D3-BF4B-00C04F79EFBC}") = "ShopOrderSystem", "ShopOrderSystem\ShopOrderSystem.csproj", "{82D3C135-0AF4-437F-8277-8527FE5E0651}"
EndProject
Global
	GlobalSection(SolutionConfigurationPlatforms) = preSolution
		Debug|Any CPU = Debug|Any CPU
		Release|Any CPU = Release|Any CPU
	EndGlobalSection
	GlobalSection(ProjectConfigurationPlatforms) = postSolution
		{82D3C135-0AF4-437F-8277-8527FE5E0651}.Debug|Any CPU.ActiveCfg = Debug|Any CPU
		{82D3C135-0AF4-437F-8277-8527FE5E0651}.Debug|Any CPU.Build.0 = Debug|Any CPU
		{82D3C135-0AF4-437F-8277-8527FE5E0651}.Release|Any CPU.ActiveCfg = Release|Any CPU
		{82D3C135-0AF4-437F-8277-8527FE5E0651}.Release|Any CPU.Build.0 = Release|Any CPU
	EndGlobalSection
	GlobalSection(SolutionProperties) = preSolution
		HideSolutionNode = FALSE
	EndGlobalSection
	GlobalSection(ExtensibilityGlobals) = postSolution
		SolutionGuid = {C72AB433-0555-473F-A38A-75853A0E9250}
	EndGlobalSection
EndGlobal
